
Microsoft Visual Studio Solution File, Format Version 12.00
# Visual Studio 15
VisualStudioVersion = 15.0.28307.136
MinimumVisualStudioVersion = 10.0.40219.1
Project("{FAE04EC0-301F-11D3-BF4B-00C04F79EFBC}") = "Appie5.Android", "Appie5\Appie5.Android\Appie5.Android.csproj", "{A5AE7430-B0C2-4A7D-844C-717DAE30F4CA}"
EndProject
Project("{FAE04EC0-301F-11D3-BF4B-00C04F79EFBC}") = "Appie5.iOS", "Appie5\Appie5.iOS\Appie5.iOS.csproj", "{84133424-8AF4-4610-A162-4CD13A0394DB}"
EndProject
Project("{FAE04EC0-301F-11D3-BF4B-00C04F79EFBC}") = "Appie5", "Appie5\Appie5\Appie5.csproj", "{462B09FD-F111-410E-AB89-4BE105585A57}"
EndProject
Global
	GlobalSection(SolutionConfigurationPlatforms) = preSolution
		Ad-Hoc|Any CPU = Ad-Hoc|Any CPU
		Ad-Hoc|iPhone = Ad-Hoc|iPhone
		Ad-Hoc|iPhoneSimulator = Ad-Hoc|iPhoneSimulator
		AppStore|Any CPU = AppStore|Any CPU
		AppStore|iPhone = AppStore|iPhone
		AppStore|iPhoneSimulator = AppStore|iPhoneSimulator
		Debug|Any CPU = Debug|Any CPU
		Debug|iPhone = Debug|iPhone
		Debug|iPhoneSimulator = Debug|iPhoneSimulator
		Release|Any CPU = Release|Any CPU
		Release|iPhone = Release|iPhone
		Release|iPhoneSimulator = Release|iPhoneSimulator
	EndGlobalSection
	GlobalSection(ProjectConfigurationPlatforms) = postSolution
		{A5AE7430-B0C2-4A7D-844C-717DAE30F4CA}.Ad-Hoc|Any CPU.ActiveCfg = Release|Any CPU
		{A5AE7430-B0C2-4A7D-844C-717DAE30F4CA}.Ad-Hoc|Any CPU.Build.0 = Release|Any CPU
		{A5AE7430-B0C2-4A7D-844C-717DAE30F4CA}.Ad-Hoc|Any CPU.Deploy.0 = Release|Any CPU
		{A5AE7430-B0C2-4A7D-844C-717DAE30F4CA}.Ad-Hoc|iPhone.ActiveCfg = Release|Any CPU
		{A5AE7430-B0C2-4A7D-844C-717DAE30F4CA}.Ad-Hoc|iPhone.Build.0 = Release|Any CPU
		{A5AE7430-B0C2-4A7D-844C-717DAE30F4CA}.Ad-Hoc|iPhone.Deploy.0 = Release|Any CPU
		{A5AE7430-B0C2-4A7D-844C-717DAE30F4CA}.Ad-Hoc|iPhoneSimulator.ActiveCfg = Release|Any CPU
		{A5AE7430-B0C2-4A7D-844C-717DAE30F4CA}.Ad-Hoc|iPhoneSimulator.Build.0 = Release|Any CPU
		{A5AE7430-B0C2-4A7D-844C-717DAE30F4CA}.Ad-Hoc|iPhoneSimulator.Deploy.0 = Release|Any CPU
		{A5AE7430-B0C2-4A7D-844C-717DAE30F4CA}.AppStore|Any CPU.ActiveCfg = Release|Any CPU
		{A5AE7430-B0C2-4A7D-844C-717DAE30F4CA}.AppStore|Any CPU.Build.0 = Release|Any CPU
		{A5AE7430-B0C2-4A7D-844C-717DAE30F4CA}.AppStore|Any CPU.Deploy.0 = Release|Any CPU
		{A5AE7430-B0C2-4A7D-844C-717DAE30F4CA}.AppStore|iPhone.ActiveCfg = Release|Any CPU
		{A5AE7430-B0C2-4A7D-844C-717DAE30F4CA}.AppStore|iPhone.Build.0 = Release|Any CPU
		{A5AE7430-B0C2-4A7D-844C-717DAE30F4CA}.AppStore|iPhone.Deploy.0 = Release|Any CPU
		{A5AE7430-B0C2-4A7D-844C-717DAE30F4CA}.AppStore|iPhoneSimulator.ActiveCfg = Release|Any CPU
		{A5AE7430-B0C2-4A7D-844C-717DAE30F4CA}.AppStore|iPhoneSimulator.Build.0 = Release|Any CPU
		{A5AE7430-B0C2-4A7D-844C-717DAE30F4CA}.AppStore|iPhoneSimulator.Deploy.0 = Release|Any CPU
		{A5AE7430-B0C2-4A7D-844C-717DAE30F4CA}.Debug|Any CPU.ActiveCfg = Debug|Any CPU
		{A5AE7430-B0C2-4A7D-844C-717DAE30F4CA}.Debug|Any CPU.Build.0 = Debug|Any CPU
		{A5AE7430-B0C2-4A7D-844C-717DAE30F4CA}.Debug|Any CPU.Deploy.0 = Debug|Any CPU
		{A5AE7430-B0C2-4A7D-844C-717DAE30F4CA}.Debug|iPhone.ActiveCfg = Debug|Any CPU
		{A5AE7430-B0C2-4A7D-844C-717DAE30F4CA}.Debug|iPhone.Build.0 = Debug|Any CPU
		{A5AE7430-B0C2-4A7D-844C-717DAE30F4CA}.Debug|iPhone.Deploy.0 = Debug|Any CPU
		{A5AE7430-B0C2-4A7D-844C-717DAE30F4CA}.Debug|iPhoneSimulator.ActiveCfg = Debug|Any CPU
		{A5AE7430-B0C2-4A7D-844C-717DAE30F4CA}.Debug|iPhoneSimulator.Build.0 = Debug|Any CPU
		{A5AE7430-B0C2-4A7D-844C-717DAE30F4CA}.Debug|iPhoneSimulator.Deploy.0 = Debug|Any CPU
		{A5AE7430-B0C2-4A7D-844C-717DAE30F4CA}.Release|Any CPU.ActiveCfg = Release|Any CPU
		{A5AE7430-B0C2-4A7D-844C-717DAE30F4CA}.Release|Any CPU.Build.0 = Release|Any CPU
		{A5AE7430-B0C2-4A7D-844C-717DAE30F4CA}.Release|Any CPU.Deploy.0 = Release|Any CPU
		{A5AE7430-B0C2-4A7D-844C-717DAE30F4CA}.Release|iPhone.ActiveCfg = Release|Any CPU
		{A5AE7430-B0C2-4A7D-844C-717DAE30F4CA}.Release|iPhone.Build.0 = Release|Any CPU
		{A5AE7430-B0C2-4A7D-844C-717DAE30F4CA}.Release|iPhone.Deploy.0 = Release|Any CPU
		{A5AE7430-B0C2-4A7D-844C-717DAE30F4CA}.Release|iPhoneSimulator.ActiveCfg = Release|Any CPU
		{A5AE7430-B0C2-4A7D-844C-717DAE30F4CA}.Release|iPhoneSimulator.Build.0 = Release|Any CPU
		{A5AE7430-B0C2-4A7D-844C-717DAE30F4CA}.Release|iPhoneSimulator.Deploy.0 = Release|Any CPU
		{84133424-8AF4-4610-A162-4CD13A0394DB}.Ad-Hoc|Any CPU.ActiveCfg = Ad-Hoc|iPhone
		{84133424-8AF4-4610-A162-4CD13A0394DB}.Ad-Hoc|Any CPU.Build.0 = Ad-Hoc|iPhone
		{84133424-8AF4-4610-A162-4CD13A0394DB}.Ad-Hoc|Any CPU.Deploy.0 = Ad-Hoc|iPhone
		{84133424-8AF4-4610-A162-4CD13A0394DB}.Ad-Hoc|iPhone.ActiveCfg = Ad-Hoc|iPhone
		{84133424-8AF4-4610-A162-4CD13A0394DB}.Ad-Hoc|iPhone.Build.0 = Ad-Hoc|iPhone
		{84133424-8AF4-4610-A162-4CD13A0394DB}.Ad-Hoc|iPhone.Deploy.0 = Ad-Hoc|iPhone
		{84133424-8AF4-4610-A162-4CD13A0394DB}.Ad-Hoc|iPhoneSimulator.ActiveCfg = Ad-Hoc|iPhoneSimulator
		{84133424-8AF4-4610-A162-4CD13A0394DB}.Ad-Hoc|iPhoneSimulator.Build.0 = Ad-Hoc|iPhoneSimulator
		{84133424-8AF4-4610-A162-4CD13A0394DB}.Ad-Hoc|iPhoneSimulator.Deploy.0 = Ad-Hoc|iPhoneSimulator
		{84133424-8AF4-4610-A162-4CD13A0394DB}.AppStore|Any CPU.ActiveCfg = AppStore|iPhone
		{84133424-8AF4-4610-A162-4CD13A0394DB}.AppStore|Any CPU.Build.0 = AppStore|iPhone
		{84133424-8AF4-4610-A162-4CD13A0394DB}.AppStore|Any CPU.Deploy.0 = AppStore|iPhone
		{84133424-8AF4-4610-A162-4CD13A0394DB}.AppStore|iPhone.ActiveCfg = AppStore|iPhone
		{84133424-8AF4-4610-A162-4CD13A0394DB}.AppStore|iPhone.Build.0 = AppStore|iPhone
		{84133424-8AF4-4610-A162-4CD13A0394DB}.AppStore|iPhone.Deploy.0 = AppStore|iPhone
		{84133424-8AF4-4610-A162-4CD13A0394DB}.AppStore|iPhoneSimulator.ActiveCfg = AppStore|iPhoneSimulator
		{84133424-8AF4-4610-A162-4CD13A0394DB}.AppStore|iPhoneSimulator.Build.0 = AppStore|iPhoneSimulator
		{84133424-8AF4-4610-A162-4CD13A0394DB}.AppStore|iPhoneSimulator.Deploy.0 = AppStore|iPhoneSimulator
		{84133424-8AF4-4610-A162-4CD13A0394DB}.Debug|Any CPU.ActiveCfg = Debug|iPhoneSimulator
		{84133424-8AF4-4610-A162-4CD13A0394DB}.Debug|Any CPU.Build.0 = Debug|iPhoneSimulator
		{84133424-8AF4-4610-A162-4CD13A0394DB}.Debug|Any CPU.Deploy.0 = Debug|iPhoneSimulator
		{84133424-8AF4-4610-A162-4CD13A0394DB}.Debug|iPhone.ActiveCfg = Debug|iPhone
		{84133424-8AF4-4610-A162-4CD13A0394DB}.Debug|iPhone.Build.0 = Debug|iPhone
		{84133424-8AF4-4610-A162-4CD13A0394DB}.Debug|iPhone.Deploy.0 = Debug|iPhone
		{84133424-8AF4-4610-A162-4CD13A0394DB}.Debug|iPhoneSimulator.ActiveCfg = Debug|iPhoneSimulator
		{84133424-8AF4-4610-A162-4CD13A0394DB}.Debug|iPhoneSimulator.Build.0 = Debug|iPhoneSimulator
		{84133424-8AF4-4610-A162-4CD13A0394DB}.Debug|iPhoneSimulator.Deploy.0 = Debug|iPhoneSimulator
		{84133424-8AF4-4610-A162-4CD13A0394DB}.Release|Any CPU.ActiveCfg = Release|iPhone
		{84133424-8AF4-4610-A162-4CD13A0394DB}.Release|Any CPU.Build.0 = Release|iPhone
		{84133424-8AF4-4610-A162-4CD13A0394DB}.Release|Any CPU.Deploy.0 = Release|iPhone
		{84133424-8AF4-4610-A162-4CD13A0394DB}.Release|iPhone.ActiveCfg = Release|iPhone
		{84133424-8AF4-4610-A162-4CD13A0394DB}.Release|iPhone.Build.0 = Release|iPhone
		{84133424-8AF4-4610-A162-4CD13A0394DB}.Release|iPhone.Deploy.0 = Release|iPhone
		{84133424-8AF4-4610-A162-4CD13A0394DB}.Release|iPhoneSimulator.ActiveCfg = Release|iPhoneSimulator
		{84133424-8AF4-4610-A162-4CD13A0394DB}.Release|iPhoneSimulator.Build.0 = Release|iPhoneSimulator
		{84133424-8AF4-4610-A162-4CD13A0394DB}.Release|iPhoneSimulator.Deploy.0 = Release|iPhoneSimulator
		{462B09FD-F111-410E-AB89-4BE105585A57}.Ad-Hoc|Any CPU.ActiveCfg = Debug|Any CPU
		{462B09FD-F111-410E-AB89-4BE105585A57}.Ad-Hoc|Any CPU.Build.0 = Debug|Any CPU
		{462B09FD-F111-410E-AB89-4BE105585A57}.Ad-Hoc|Any CPU.Deploy.0 = Debug|Any CPU
		{462B09FD-F111-410E-AB89-4BE105585A57}.Ad-Hoc|iPhone.ActiveCfg = Debug|Any CPU
		{462B09FD-F111-410E-AB89-4BE105585A57}.Ad-Hoc|iPhone.Build.0 = Debug|Any CPU
		{462B09FD-F111-410E-AB89-4BE105585A57}.Ad-Hoc|iPhone.Deploy.0 = Debug|Any CPU
		{462B09FD-F111-410E-AB89-4BE105585A57}.Ad-Hoc|iPhoneSimulator.ActiveCfg = Debug|Any CPU
		{462B09FD-F111-410E-AB89-4BE105585A57}.Ad-Hoc|iPhoneSimulator.Build.0 = Debug|Any CPU
		{462B09FD-F111-410E-AB89-4BE105585A57}.Ad-Hoc|iPhoneSimulator.Deploy.0 = Debug|Any CPU
		{462B09FD-F111-410E-AB89-4BE105585A57}.AppStore|Any CPU.ActiveCfg = Debug|Any CPU
		{462B09FD-F111-410E-AB89-4BE105585A57}.AppStore|Any CPU.Build.0 = Debug|Any CPU
		{462B09FD-F111-410E-AB89-4BE105585A57}.AppStore|Any CPU.Deploy.0 = Debug|Any CPU
		{462B09FD-F111-410E-AB89-4BE105585A57}.AppStore|iPhone.ActiveCfg = Debug|Any CPU
		{462B09FD-F111-410E-AB89-4BE105585A57}.AppStore|iPhone.Build.0 = Debug|Any CPU
		{462B09FD-F111-410E-AB89-4BE105585A57}.AppStore|iPhone.Deploy.0 = Debug|Any CPU
		{462B09FD-F111-410E-AB89-4BE105585A57}.AppStore|iPhoneSimulator.ActiveCfg = Debug|Any CPU
		{462B09FD-F111-410E-AB89-4BE105585A57}.AppStore|iPhoneSimulator.Build.0 = Debug|Any CPU
		{462B09FD-F111-410E-AB89-4BE105585A57}.AppStore|iPhoneSimulator.Deploy.0 = Debug|Any CPU
		{462B09FD-F111-410E-AB89-4BE105585A57}.Debug|Any CPU.ActiveCfg = Debug|Any CPU
		{462B09FD-F111-410E-AB89-4BE105585A57}.Debug|Any CPU.Build.0 = Debug|Any CPU
		{462B09FD-F111-410E-AB89-4BE105585A57}.Debug|Any CPU.Deploy.0 = Debug|Any CPU
		{462B09FD-F111-410E-AB89-4BE105585A57}.Debug|iPhone.ActiveCfg = Debug|Any CPU
		{462B09FD-F111-410E-AB89-4BE105585A57}.Debug|iPhone.Build.0 = Debug|Any CPU
		{462B09FD-F111-410E-AB89-4BE105585A57}.Debug|iPhone.Deploy.0 = Debug|Any CPU
		{462B09FD-F111-410E-AB89-4BE105585A57}.Debug|iPhoneSimulator.ActiveCfg = Debug|Any CPU
		{462B09FD-F111-410E-AB89-4BE105585A57}.Debug|iPhoneSimulator.Build.0 = Debug|Any CPU
		{462B09FD-F111-410E-AB89-4BE105585A57}.Debug|iPhoneSimulator.Deploy.0 = Debug|Any CPU
		{462B09FD-F111-410E-AB89-4BE105585A57}.Release|Any CPU.ActiveCfg = Release|Any CPU
		{462B09FD-F111-410E-AB89-4BE105585A57}.Release|Any CPU.Build.0 = Release|Any CPU
		{462B09FD-F111-410E-AB89-4BE105585A57}.Release|Any CPU.Deploy.0 = Release|Any CPU
		{462B09FD-F111-410E-AB89-4BE105585A57}.Release|iPhone.ActiveCfg = Release|Any CPU
		{462B09FD-F111-410E-AB89-4BE105585A57}.Release|iPhone.Build.0 = Release|Any CPU
		{462B09FD-F111-410E-AB89-4BE105585A57}.Release|iPhone.Deploy.0 = Release|Any CPU
		{462B09FD-F111-410E-AB89-4BE105585A57}.Release|iPhoneSimulator.ActiveCfg = Release|Any CPU
		{462B09FD-F111-410E-AB89-4BE105585A57}.Release|iPhoneSimulator.Build.0 = Release|Any CPU
		{462B09FD-F111-410E-AB89-4BE105585A57}.Release|iPhoneSimulator.Deploy.0 = Release|Any CPU
	EndGlobalSection
	GlobalSection(SolutionProperties) = preSolution
		HideSolutionNode = FALSE
	EndGlobalSection
	GlobalSection(ExtensibilityGlobals) = postSolution
		SolutionGuid = {6BF7236E-9418-4407-AFDA-873E7B00AC4F}
	EndGlobalSection
EndGlobal
